// !$*UTF8*$!
{
	archiveVersion = 1;
	classes = {
	};
	objectVersion = 56;
	objects = {

/* Begin PBXBuildFile section */
		89A2B050735FFCCB85CC24CB /* Pods_TrackerTests.framework in Frameworks */ = {isa = PBXBuildFile; fileRef = D28D7C0D57D279B1B9F1113A /* Pods_TrackerTests.framework */; };
		D9021F182A390A840080BB4D /* FilterViewController.swift in Sources */ = {isa = PBXBuildFile; fileRef = D9021F172A390A840080BB4D /* FilterViewController.swift */; };
		D9021F1A2A390A990080BB4D /* FilterTableViewCell.swift in Sources */ = {isa = PBXBuildFile; fileRef = D9021F192A390A990080BB4D /* FilterTableViewCell.swift */; };
		D9021F1C2A39E0670080BB4D /* ScheduleService.swift in Sources */ = {isa = PBXBuildFile; fileRef = D9021F1B2A39E0670080BB4D /* ScheduleService.swift */; };
		D9021F1E2A39E1220080BB4D /* ScheduleTableViewCell.swift in Sources */ = {isa = PBXBuildFile; fileRef = D9021F1D2A39E1220080BB4D /* ScheduleTableViewCell.swift */; };
		D90E2E5E2A2A497B0000C7E1 /* TabBarViewController.swift in Sources */ = {isa = PBXBuildFile; fileRef = D90E2E5D2A2A497B0000C7E1 /* TabBarViewController.swift */; };
		D90E2E622A2A4A500000C7E1 /* TrackerViewController.swift in Sources */ = {isa = PBXBuildFile; fileRef = D90E2E612A2A4A500000C7E1 /* TrackerViewController.swift */; };
		D90E2E652A2A779A0000C7E1 /* UIColor+Extension.swift in Sources */ = {isa = PBXBuildFile; fileRef = D90E2E642A2A779A0000C7E1 /* UIColor+Extension.swift */; };
		D90E2E6B2A2B44570000C7E1 /* StatisticViewController.swift in Sources */ = {isa = PBXBuildFile; fileRef = D90E2E6A2A2B44570000C7E1 /* StatisticViewController.swift */; };
		D90E2E6E2A2BD04C0000C7E1 /* Tracker.swift in Sources */ = {isa = PBXBuildFile; fileRef = D90E2E6D2A2BD04C0000C7E1 /* Tracker.swift */; };
		D90E2E702A2BD0630000C7E1 /* TrackerCategory.swift in Sources */ = {isa = PBXBuildFile; fileRef = D90E2E6F2A2BD0630000C7E1 /* TrackerCategory.swift */; };
		D90E2E722A2BD06D0000C7E1 /* TrackerRecord.swift in Sources */ = {isa = PBXBuildFile; fileRef = D90E2E712A2BD06D0000C7E1 /* TrackerRecord.swift */; };
		D90E2E742A2BD85C0000C7E1 /* TrackerCollectionViewCell.swift in Sources */ = {isa = PBXBuildFile; fileRef = D90E2E732A2BD85C0000C7E1 /* TrackerCollectionViewCell.swift */; };
		D90E2E772A2BE0FD0000C7E1 /* Resourses.swift in Sources */ = {isa = PBXBuildFile; fileRef = D90E2E762A2BE0FD0000C7E1 /* Resourses.swift */; };
		D90E2E7C2A2CA4160000C7E1 /* TrackerViewPresenterProtocol.swift in Sources */ = {isa = PBXBuildFile; fileRef = D90E2E7B2A2CA4160000C7E1 /* TrackerViewPresenterProtocol.swift */; };
		D90E2E7E2A2CE3760000C7E1 /* BottonClass.swift in Sources */ = {isa = PBXBuildFile; fileRef = D90E2E7D2A2CE3760000C7E1 /* BottonClass.swift */; };
		D90E2E802A2F2D520000C7E1 /* Int + ext.swift in Sources */ = {isa = PBXBuildFile; fileRef = D90E2E7F2A2F2D520000C7E1 /* Int + ext.swift */; };
		D90E2E822A31CE5E0000C7E1 /* SupplementaryView.swift in Sources */ = {isa = PBXBuildFile; fileRef = D90E2E812A31CE5E0000C7E1 /* SupplementaryView.swift */; };
		D9179DC92B18CE08000B177F /* Localizable.strings in Resources */ = {isa = PBXBuildFile; fileRef = D9179DCB2B18CE08000B177F /* Localizable.strings */; };
		D9179DCD2B18CE11000B177F /* Localizable.stringsdict in Resources */ = {isa = PBXBuildFile; fileRef = D9179DCF2B18CE11000B177F /* Localizable.stringsdict */; };
		D93908D82B1B96C800A0BE4B /* StatisticViewControllerCell.swift in Sources */ = {isa = PBXBuildFile; fileRef = D93908D72B1B96C800A0BE4B /* StatisticViewControllerCell.swift */; };
		D93908DA2B1B977400A0BE4B /* UIImage + ext.swift in Sources */ = {isa = PBXBuildFile; fileRef = D93908D92B1B977400A0BE4B /* UIImage + ext.swift */; };
		D93908DC2B1B986900A0BE4B /* StatisticViewModel.swift in Sources */ = {isa = PBXBuildFile; fileRef = D93908DB2B1B986900A0BE4B /* StatisticViewModel.swift */; };
		D93908DE2B1B9A5B00A0BE4B /* ReuseId.swift in Sources */ = {isa = PBXBuildFile; fileRef = D93908DD2B1B9A5B00A0BE4B /* ReuseId.swift */; };
		D94829252B162297004AB8D6 /* TrackerTests.swift in Sources */ = {isa = PBXBuildFile; fileRef = D94829242B162297004AB8D6 /* TrackerTests.swift */; };
		D948292D2B162306004AB8D6 /* InlineSnapshotTesting in Frameworks */ = {isa = PBXBuildFile; productRef = D948292C2B162306004AB8D6 /* InlineSnapshotTesting */; };
		D948292F2B162306004AB8D6 /* SnapshotTesting in Frameworks */ = {isa = PBXBuildFile; productRef = D948292E2B162306004AB8D6 /* SnapshotTesting */; };
		D94829312B1631D3004AB8D6 /* AnalyticsService.swift in Sources */ = {isa = PBXBuildFile; fileRef = D94829302B1631D3004AB8D6 /* AnalyticsService.swift */; };
		D94829352B167FC5004AB8D6 /* EditTrackerViewController.swift in Sources */ = {isa = PBXBuildFile; fileRef = D94829342B167FC5004AB8D6 /* EditTrackerViewController.swift */; };
		D96239852A35145600F61DAE /* SelectTypeTrackerViewController.swift in Sources */ = {isa = PBXBuildFile; fileRef = D96239842A35145600F61DAE /* SelectTypeTrackerViewController.swift */; };
		D96239882A351D5F00F61DAE /* CreateNewTrackerViewController.swift in Sources */ = {isa = PBXBuildFile; fileRef = D96239872A351D5F00F61DAE /* CreateNewTrackerViewController.swift */; };
		D962398A2A36261000F61DAE /* CreateNewTrackerTableVIewCell.swift in Sources */ = {isa = PBXBuildFile; fileRef = D96239892A36261000F61DAE /* CreateNewTrackerTableVIewCell.swift */; };
		D962398C2A36261700F61DAE /* CreateNewTrackerCollectionViewCell.swift in Sources */ = {isa = PBXBuildFile; fileRef = D962398B2A36261700F61DAE /* CreateNewTrackerCollectionViewCell.swift */; };
		D962398F2A362CAA00F61DAE /* CategoryViewController.swift in Sources */ = {isa = PBXBuildFile; fileRef = D962398E2A362CAA00F61DAE /* CategoryViewController.swift */; };
		D96239922A362CE100F61DAE /* ScheduleViewController.swift in Sources */ = {isa = PBXBuildFile; fileRef = D96239912A362CE100F61DAE /* ScheduleViewController.swift */; };
		D96239942A363D6200F61DAE /* CreateNewTrackerSupplementaryView.swift in Sources */ = {isa = PBXBuildFile; fileRef = D96239932A363D6200F61DAE /* CreateNewTrackerSupplementaryView.swift */; };
		D96239962A37984900F61DAE /* CategoryTableViewCell.swift in Sources */ = {isa = PBXBuildFile; fileRef = D96239952A37984900F61DAE /* CategoryTableViewCell.swift */; };
		D96239982A3798E900F61DAE /* NewCategoryViewController.swift in Sources */ = {isa = PBXBuildFile; fileRef = D96239972A3798E900F61DAE /* NewCategoryViewController.swift */; };
		D991ADD62A1673EE00F1F0F3 /* AppDelegate.swift in Sources */ = {isa = PBXBuildFile; fileRef = D991ADD52A1673EE00F1F0F3 /* AppDelegate.swift */; };
		D991ADD82A1673EE00F1F0F3 /* SceneDelegate.swift in Sources */ = {isa = PBXBuildFile; fileRef = D991ADD72A1673EE00F1F0F3 /* SceneDelegate.swift */; };
		D991ADDF2A1673F000F1F0F3 /* Assets.xcassets in Resources */ = {isa = PBXBuildFile; fileRef = D991ADDE2A1673F000F1F0F3 /* Assets.xcassets */; };
		D991ADE22A1673F000F1F0F3 /* LaunchScreen.storyboard in Resources */ = {isa = PBXBuildFile; fileRef = D991ADE02A1673F000F1F0F3 /* LaunchScreen.storyboard */; };
		D9C9DBFD2AE1A603004FF08D /* OnboardingViewController.swift in Sources */ = {isa = PBXBuildFile; fileRef = D9C9DBFC2AE1A603004FF08D /* OnboardingViewController.swift */; };
		D9C9DBFF2AE1A62B004FF08D /* OnboardinMainViewController.swift in Sources */ = {isa = PBXBuildFile; fileRef = D9C9DBFE2AE1A62B004FF08D /* OnboardinMainViewController.swift */; };
		D9C9DC212AF429B8004FF08D /* Observable.swift in Sources */ = {isa = PBXBuildFile; fileRef = D9C9DC202AF429B8004FF08D /* Observable.swift */; };
		D9C9DC232AF58DDE004FF08D /* CategoryViewModel.swift in Sources */ = {isa = PBXBuildFile; fileRef = D9C9DC222AF58DDE004FF08D /* CategoryViewModel.swift */; };
		D9C9DC262AFBFF15004FF08D /* NewCategoryViewModel.swift in Sources */ = {isa = PBXBuildFile; fileRef = D9C9DC252AFBFF15004FF08D /* NewCategoryViewModel.swift */; };
		D9EC27792AB23498000B0E3B /* model.xcdatamodeld in Sources */ = {isa = PBXBuildFile; fileRef = D9EC27772AB23498000B0E3B /* model.xcdatamodeld */; };
		D9EC277C2ABCB743000B0E3B /* DataProvider.swift in Sources */ = {isa = PBXBuildFile; fileRef = D9EC277B2ABCB743000B0E3B /* DataProvider.swift */; };
		D9EC277E2ABCB774000B0E3B /* TrackerStore.swift in Sources */ = {isa = PBXBuildFile; fileRef = D9EC277D2ABCB774000B0E3B /* TrackerStore.swift */; };
		D9EC27802ABCB79A000B0E3B /* TrackerRecordStore.swift in Sources */ = {isa = PBXBuildFile; fileRef = D9EC277F2ABCB79A000B0E3B /* TrackerRecordStore.swift */; };
		D9EC27822ABCB7C1000B0E3B /* TrackerCategoryStore.swift in Sources */ = {isa = PBXBuildFile; fileRef = D9EC27812ABCB7C1000B0E3B /* TrackerCategoryStore.swift */; };
		D9EC27842AC48448000B0E3B /* UIColorMarshalling.swift in Sources */ = {isa = PBXBuildFile; fileRef = D9EC27832AC48448000B0E3B /* UIColorMarshalling.swift */; };
		FF1859878988CA5649DE00D4 /* Pods_Tracker.framework in Frameworks */ = {isa = PBXBuildFile; fileRef = FA2B979512FE4743B8E82550 /* Pods_Tracker.framework */; };
/* End PBXBuildFile section */

/* Begin PBXContainerItemProxy section */
		D94829262B162297004AB8D6 /* PBXContainerItemProxy */ = {
			isa = PBXContainerItemProxy;
			containerPortal = D991ADCA2A1673EE00F1F0F3 /* Project object */;
			proxyType = 1;
			remoteGlobalIDString = D991ADD12A1673EE00F1F0F3;
			remoteInfo = Tracker;
		};
/* End PBXContainerItemProxy section */

/* Begin PBXFileReference section */
		3B7AC17CEFFD7012BEA94666 /* Pods-Tracker.debug.xcconfig */ = {isa = PBXFileReference; includeInIndex = 1; lastKnownFileType = text.xcconfig; name = "Pods-Tracker.debug.xcconfig"; path = "Target Support Files/Pods-Tracker/Pods-Tracker.debug.xcconfig"; sourceTree = "<group>"; };
		999FE0340530D82CA087E96E /* Pods-TrackerTests.debug.xcconfig */ = {isa = PBXFileReference; includeInIndex = 1; lastKnownFileType = text.xcconfig; name = "Pods-TrackerTests.debug.xcconfig"; path = "Target Support Files/Pods-TrackerTests/Pods-TrackerTests.debug.xcconfig"; sourceTree = "<group>"; };
		C8F9E9FEA6AE696D7230508C /* Pods-Tracker.release.xcconfig */ = {isa = PBXFileReference; includeInIndex = 1; lastKnownFileType = text.xcconfig; name = "Pods-Tracker.release.xcconfig"; path = "Target Support Files/Pods-Tracker/Pods-Tracker.release.xcconfig"; sourceTree = "<group>"; };
		D28D7C0D57D279B1B9F1113A /* Pods_TrackerTests.framework */ = {isa = PBXFileReference; explicitFileType = wrapper.framework; includeInIndex = 0; path = Pods_TrackerTests.framework; sourceTree = BUILT_PRODUCTS_DIR; };
		D9021F172A390A840080BB4D /* FilterViewController.swift */ = {isa = PBXFileReference; lastKnownFileType = sourcecode.swift; path = FilterViewController.swift; sourceTree = "<group>"; };
		D9021F192A390A990080BB4D /* FilterTableViewCell.swift */ = {isa = PBXFileReference; lastKnownFileType = sourcecode.swift; path = FilterTableViewCell.swift; sourceTree = "<group>"; };
		D9021F1B2A39E0670080BB4D /* ScheduleService.swift */ = {isa = PBXFileReference; lastKnownFileType = sourcecode.swift; path = ScheduleService.swift; sourceTree = "<group>"; };
		D9021F1D2A39E1220080BB4D /* ScheduleTableViewCell.swift */ = {isa = PBXFileReference; lastKnownFileType = sourcecode.swift; path = ScheduleTableViewCell.swift; sourceTree = "<group>"; };
		D90E2E5D2A2A497B0000C7E1 /* TabBarViewController.swift */ = {isa = PBXFileReference; lastKnownFileType = sourcecode.swift; path = TabBarViewController.swift; sourceTree = "<group>"; };
		D90E2E612A2A4A500000C7E1 /* TrackerViewController.swift */ = {isa = PBXFileReference; lastKnownFileType = sourcecode.swift; path = TrackerViewController.swift; sourceTree = "<group>"; };
		D90E2E642A2A779A0000C7E1 /* UIColor+Extension.swift */ = {isa = PBXFileReference; fileEncoding = 4; lastKnownFileType = sourcecode.swift; path = "UIColor+Extension.swift"; sourceTree = "<group>"; };
		D90E2E6A2A2B44570000C7E1 /* StatisticViewController.swift */ = {isa = PBXFileReference; lastKnownFileType = sourcecode.swift; path = StatisticViewController.swift; sourceTree = "<group>"; };
		D90E2E6D2A2BD04C0000C7E1 /* Tracker.swift */ = {isa = PBXFileReference; lastKnownFileType = sourcecode.swift; path = Tracker.swift; sourceTree = "<group>"; };
		D90E2E6F2A2BD0630000C7E1 /* TrackerCategory.swift */ = {isa = PBXFileReference; lastKnownFileType = sourcecode.swift; path = TrackerCategory.swift; sourceTree = "<group>"; };
		D90E2E712A2BD06D0000C7E1 /* TrackerRecord.swift */ = {isa = PBXFileReference; lastKnownFileType = sourcecode.swift; path = TrackerRecord.swift; sourceTree = "<group>"; };
		D90E2E732A2BD85C0000C7E1 /* TrackerCollectionViewCell.swift */ = {isa = PBXFileReference; lastKnownFileType = sourcecode.swift; path = TrackerCollectionViewCell.swift; sourceTree = "<group>"; };
		D90E2E762A2BE0FD0000C7E1 /* Resourses.swift */ = {isa = PBXFileReference; lastKnownFileType = sourcecode.swift; path = Resourses.swift; sourceTree = "<group>"; };
		D90E2E7B2A2CA4160000C7E1 /* TrackerViewPresenterProtocol.swift */ = {isa = PBXFileReference; lastKnownFileType = sourcecode.swift; path = TrackerViewPresenterProtocol.swift; sourceTree = "<group>"; };
		D90E2E7D2A2CE3760000C7E1 /* BottonClass.swift */ = {isa = PBXFileReference; lastKnownFileType = sourcecode.swift; path = BottonClass.swift; sourceTree = "<group>"; };
		D90E2E7F2A2F2D520000C7E1 /* Int + ext.swift */ = {isa = PBXFileReference; lastKnownFileType = sourcecode.swift; path = "Int + ext.swift"; sourceTree = "<group>"; };
		D90E2E812A31CE5E0000C7E1 /* SupplementaryView.swift */ = {isa = PBXFileReference; lastKnownFileType = sourcecode.swift; path = SupplementaryView.swift; sourceTree = "<group>"; };
		D9179DCA2B18CE08000B177F /* en */ = {isa = PBXFileReference; lastKnownFileType = text.plist.strings; name = en; path = en.lproj/Localizable.strings; sourceTree = "<group>"; };
		D9179DCC2B18CE0B000B177F /* ru */ = {isa = PBXFileReference; lastKnownFileType = text.plist.strings; name = ru; path = ru.lproj/Localizable.strings; sourceTree = "<group>"; };
		D9179DCE2B18CE11000B177F /* en */ = {isa = PBXFileReference; lastKnownFileType = text.plist.stringsdict; name = en; path = en.lproj/Localizable.stringsdict; sourceTree = "<group>"; };
		D9179DD02B18CE12000B177F /* ru */ = {isa = PBXFileReference; lastKnownFileType = text.plist.stringsdict; name = ru; path = ru.lproj/Localizable.stringsdict; sourceTree = "<group>"; };
		D93908D72B1B96C800A0BE4B /* StatisticViewControllerCell.swift */ = {isa = PBXFileReference; lastKnownFileType = sourcecode.swift; path = StatisticViewControllerCell.swift; sourceTree = "<group>"; };
		D93908D92B1B977400A0BE4B /* UIImage + ext.swift */ = {isa = PBXFileReference; lastKnownFileType = sourcecode.swift; path = "UIImage + ext.swift"; sourceTree = "<group>"; };
		D93908DB2B1B986900A0BE4B /* StatisticViewModel.swift */ = {isa = PBXFileReference; lastKnownFileType = sourcecode.swift; path = StatisticViewModel.swift; sourceTree = "<group>"; };
		D93908DD2B1B9A5B00A0BE4B /* ReuseId.swift */ = {isa = PBXFileReference; lastKnownFileType = sourcecode.swift; path = ReuseId.swift; sourceTree = "<group>"; };
		D942C9192A1D5D0C00138959 /* .gitignore */ = {isa = PBXFileReference; fileEncoding = 4; lastKnownFileType = text; path = .gitignore; sourceTree = "<group>"; };
		D94829222B162296004AB8D6 /* TrackerTests.xctest */ = {isa = PBXFileReference; explicitFileType = wrapper.cfbundle; includeInIndex = 0; path = TrackerTests.xctest; sourceTree = BUILT_PRODUCTS_DIR; };
		D94829242B162297004AB8D6 /* TrackerTests.swift */ = {isa = PBXFileReference; lastKnownFileType = sourcecode.swift; path = TrackerTests.swift; sourceTree = "<group>"; };
		D94829302B1631D3004AB8D6 /* AnalyticsService.swift */ = {isa = PBXFileReference; fileEncoding = 4; lastKnownFileType = sourcecode.swift; path = AnalyticsService.swift; sourceTree = "<group>"; };
		D94829342B167FC5004AB8D6 /* EditTrackerViewController.swift */ = {isa = PBXFileReference; lastKnownFileType = sourcecode.swift; path = EditTrackerViewController.swift; sourceTree = "<group>"; };
		D96239842A35145600F61DAE /* SelectTypeTrackerViewController.swift */ = {isa = PBXFileReference; lastKnownFileType = sourcecode.swift; path = SelectTypeTrackerViewController.swift; sourceTree = "<group>"; };
		D96239872A351D5F00F61DAE /* CreateNewTrackerViewController.swift */ = {isa = PBXFileReference; lastKnownFileType = sourcecode.swift; path = CreateNewTrackerViewController.swift; sourceTree = "<group>"; };
		D96239892A36261000F61DAE /* CreateNewTrackerTableVIewCell.swift */ = {isa = PBXFileReference; lastKnownFileType = sourcecode.swift; path = CreateNewTrackerTableVIewCell.swift; sourceTree = "<group>"; };
		D962398B2A36261700F61DAE /* CreateNewTrackerCollectionViewCell.swift */ = {isa = PBXFileReference; lastKnownFileType = sourcecode.swift; path = CreateNewTrackerCollectionViewCell.swift; sourceTree = "<group>"; };
		D962398E2A362CAA00F61DAE /* CategoryViewController.swift */ = {isa = PBXFileReference; lastKnownFileType = sourcecode.swift; path = CategoryViewController.swift; sourceTree = "<group>"; };
		D96239912A362CE100F61DAE /* ScheduleViewController.swift */ = {isa = PBXFileReference; lastKnownFileType = sourcecode.swift; path = ScheduleViewController.swift; sourceTree = "<group>"; };
		D96239932A363D6200F61DAE /* CreateNewTrackerSupplementaryView.swift */ = {isa = PBXFileReference; lastKnownFileType = sourcecode.swift; path = CreateNewTrackerSupplementaryView.swift; sourceTree = "<group>"; };
		D96239952A37984900F61DAE /* CategoryTableViewCell.swift */ = {isa = PBXFileReference; lastKnownFileType = sourcecode.swift; path = CategoryTableViewCell.swift; sourceTree = "<group>"; };
		D96239972A3798E900F61DAE /* NewCategoryViewController.swift */ = {isa = PBXFileReference; lastKnownFileType = sourcecode.swift; path = NewCategoryViewController.swift; sourceTree = "<group>"; };
		D991ADD22A1673EE00F1F0F3 /* Tracker.app */ = {isa = PBXFileReference; explicitFileType = wrapper.application; includeInIndex = 0; path = Tracker.app; sourceTree = BUILT_PRODUCTS_DIR; };
		D991ADD52A1673EE00F1F0F3 /* AppDelegate.swift */ = {isa = PBXFileReference; lastKnownFileType = sourcecode.swift; path = AppDelegate.swift; sourceTree = "<group>"; };
		D991ADD72A1673EE00F1F0F3 /* SceneDelegate.swift */ = {isa = PBXFileReference; lastKnownFileType = sourcecode.swift; path = SceneDelegate.swift; sourceTree = "<group>"; };
		D991ADDE2A1673F000F1F0F3 /* Assets.xcassets */ = {isa = PBXFileReference; lastKnownFileType = folder.assetcatalog; path = Assets.xcassets; sourceTree = "<group>"; };
		D991ADE12A1673F000F1F0F3 /* Base */ = {isa = PBXFileReference; lastKnownFileType = file.storyboard; name = Base; path = Base.lproj/LaunchScreen.storyboard; sourceTree = "<group>"; };
		D991ADE32A1673F000F1F0F3 /* Info.plist */ = {isa = PBXFileReference; lastKnownFileType = text.plist.xml; path = Info.plist; sourceTree = "<group>"; };
		D9C9DBFC2AE1A603004FF08D /* OnboardingViewController.swift */ = {isa = PBXFileReference; lastKnownFileType = sourcecode.swift; path = OnboardingViewController.swift; sourceTree = "<group>"; };
		D9C9DBFE2AE1A62B004FF08D /* OnboardinMainViewController.swift */ = {isa = PBXFileReference; lastKnownFileType = sourcecode.swift; path = OnboardinMainViewController.swift; sourceTree = "<group>"; };
		D9C9DC202AF429B8004FF08D /* Observable.swift */ = {isa = PBXFileReference; lastKnownFileType = sourcecode.swift; path = Observable.swift; sourceTree = "<group>"; };
		D9C9DC222AF58DDE004FF08D /* CategoryViewModel.swift */ = {isa = PBXFileReference; lastKnownFileType = sourcecode.swift; path = CategoryViewModel.swift; sourceTree = "<group>"; };
		D9C9DC252AFBFF15004FF08D /* NewCategoryViewModel.swift */ = {isa = PBXFileReference; lastKnownFileType = sourcecode.swift; path = NewCategoryViewModel.swift; sourceTree = "<group>"; };
		D9EC27782AB23498000B0E3B /* model.xcdatamodel */ = {isa = PBXFileReference; lastKnownFileType = wrapper.xcdatamodel; path = model.xcdatamodel; sourceTree = "<group>"; };
		D9EC277B2ABCB743000B0E3B /* DataProvider.swift */ = {isa = PBXFileReference; lastKnownFileType = sourcecode.swift; path = DataProvider.swift; sourceTree = "<group>"; };
		D9EC277D2ABCB774000B0E3B /* TrackerStore.swift */ = {isa = PBXFileReference; lastKnownFileType = sourcecode.swift; path = TrackerStore.swift; sourceTree = "<group>"; };
		D9EC277F2ABCB79A000B0E3B /* TrackerRecordStore.swift */ = {isa = PBXFileReference; lastKnownFileType = sourcecode.swift; path = TrackerRecordStore.swift; sourceTree = "<group>"; };
		D9EC27812ABCB7C1000B0E3B /* TrackerCategoryStore.swift */ = {isa = PBXFileReference; lastKnownFileType = sourcecode.swift; path = TrackerCategoryStore.swift; sourceTree = "<group>"; };
		D9EC27832AC48448000B0E3B /* UIColorMarshalling.swift */ = {isa = PBXFileReference; lastKnownFileType = sourcecode.swift; path = UIColorMarshalling.swift; sourceTree = "<group>"; };
		DC3CDB36899825E1D51774D5 /* Pods-TrackerTests.release.xcconfig */ = {isa = PBXFileReference; includeInIndex = 1; lastKnownFileType = text.xcconfig; name = "Pods-TrackerTests.release.xcconfig"; path = "Target Support Files/Pods-TrackerTests/Pods-TrackerTests.release.xcconfig"; sourceTree = "<group>"; };
		FA2B979512FE4743B8E82550 /* Pods_Tracker.framework */ = {isa = PBXFileReference; explicitFileType = wrapper.framework; includeInIndex = 0; path = Pods_Tracker.framework; sourceTree = BUILT_PRODUCTS_DIR; };
/* End PBXFileReference section */

/* Begin PBXFrameworksBuildPhase section */
		D948291F2B162296004AB8D6 /* Frameworks */ = {
			isa = PBXFrameworksBuildPhase;
			buildActionMask = 2147483647;
			files = (
				D948292D2B162306004AB8D6 /* InlineSnapshotTesting in Frameworks */,
				D948292F2B162306004AB8D6 /* SnapshotTesting in Frameworks */,
				89A2B050735FFCCB85CC24CB /* Pods_TrackerTests.framework in Frameworks */,
			);
			runOnlyForDeploymentPostprocessing = 0;
		};
		D991ADCF2A1673EE00F1F0F3 /* Frameworks */ = {
			isa = PBXFrameworksBuildPhase;
			buildActionMask = 2147483647;
			files = (
				FF1859878988CA5649DE00D4 /* Pods_Tracker.framework in Frameworks */,
			);
			runOnlyForDeploymentPostprocessing = 0;
		};
/* End PBXFrameworksBuildPhase section */

/* Begin PBXGroup section */
		1A99476B511F3609A0C3D148 /* Frameworks */ = {
			isa = PBXGroup;
			children = (
				FA2B979512FE4743B8E82550 /* Pods_Tracker.framework */,
				D28D7C0D57D279B1B9F1113A /* Pods_TrackerTests.framework */,
			);
			name = Frameworks;
			sourceTree = "<group>";
		};
		2B30CC59324D75839C40BF37 /* Pods */ = {
			isa = PBXGroup;
			children = (
				3B7AC17CEFFD7012BEA94666 /* Pods-Tracker.debug.xcconfig */,
				C8F9E9FEA6AE696D7230508C /* Pods-Tracker.release.xcconfig */,
				999FE0340530D82CA087E96E /* Pods-TrackerTests.debug.xcconfig */,
				DC3CDB36899825E1D51774D5 /* Pods-TrackerTests.release.xcconfig */,
			);
			path = Pods;
			sourceTree = "<group>";
		};
		D9021F132A389ED70080BB4D /* Service */ = {
			isa = PBXGroup;
			children = (
				D9021F1B2A39E0670080BB4D /* ScheduleService.swift */,
			);
			path = Service;
			sourceTree = "<group>";
		};
		D9021F162A390A750080BB4D /* Filter */ = {
			isa = PBXGroup;
			children = (
				D9021F172A390A840080BB4D /* FilterViewController.swift */,
				D9021F192A390A990080BB4D /* FilterTableViewCell.swift */,
			);
			path = Filter;
			sourceTree = "<group>";
		};
		D90E2E5F2A2A4A330000C7E1 /* Controllers */ = {
			isa = PBXGroup;
			children = (
				D9C9DBF92AE1A408004FF08D /* OnBoardingVIew */,
				D9B4CCE72A3F8B9000D3D41E /* TabBar */,
				D9021F162A390A750080BB4D /* Filter */,
				D96239902A362CD700F61DAE /* Schedule */,
				D962398D2A362CA000F61DAE /* Category */,
				D96239832A35143500F61DAE /* SelectType */,
				D90E2E692A2B443E0000C7E1 /* Statistic */,
				D96239862A351D3600F61DAE /* CreateNewTracker */,
				D90E2E602A2A4A3F0000C7E1 /* Tracker */,
			);
			path = Controllers;
			sourceTree = "<group>";
		};
		D90E2E602A2A4A3F0000C7E1 /* Tracker */ = {
			isa = PBXGroup;
			children = (
				D94829342B167FC5004AB8D6 /* EditTrackerViewController.swift */,
				D90E2E612A2A4A500000C7E1 /* TrackerViewController.swift */,
				D90E2E732A2BD85C0000C7E1 /* TrackerCollectionViewCell.swift */,
				D90E2E812A31CE5E0000C7E1 /* SupplementaryView.swift */,
			);
			path = Tracker;
			sourceTree = "<group>";
		};
		D90E2E632A2A77600000C7E1 /* Helpers */ = {
			isa = PBXGroup;
			children = (
				D94829302B1631D3004AB8D6 /* AnalyticsService.swift */,
				D90E2E642A2A779A0000C7E1 /* UIColor+Extension.swift */,
				D90E2E7D2A2CE3760000C7E1 /* BottonClass.swift */,
				D90E2E7F2A2F2D520000C7E1 /* Int + ext.swift */,
				D9179DCB2B18CE08000B177F /* Localizable.strings */,
				D9179DCF2B18CE11000B177F /* Localizable.stringsdict */,
				D93908D92B1B977400A0BE4B /* UIImage + ext.swift */,
				D93908DD2B1B9A5B00A0BE4B /* ReuseId.swift */,
			);
			path = Helpers;
			sourceTree = "<group>";
		};
		D90E2E682A2B41000000C7E1 /* Application */ = {
			isa = PBXGroup;
			children = (
				D991ADD52A1673EE00F1F0F3 /* AppDelegate.swift */,
				D991ADD72A1673EE00F1F0F3 /* SceneDelegate.swift */,
			);
			path = Application;
			sourceTree = "<group>";
		};
		D90E2E692A2B443E0000C7E1 /* Statistic */ = {
			isa = PBXGroup;
			children = (
				D90E2E6A2A2B44570000C7E1 /* StatisticViewController.swift */,
				D93908D72B1B96C800A0BE4B /* StatisticViewControllerCell.swift */,
				D93908DB2B1B986900A0BE4B /* StatisticViewModel.swift */,
			);
			path = Statistic;
			sourceTree = "<group>";
		};
		D90E2E6C2A2BD03D0000C7E1 /* Models */ = {
			isa = PBXGroup;
			children = (
				D90E2E6D2A2BD04C0000C7E1 /* Tracker.swift */,
				D90E2E6F2A2BD0630000C7E1 /* TrackerCategory.swift */,
				D90E2E712A2BD06D0000C7E1 /* TrackerRecord.swift */,
			);
			path = Models;
			sourceTree = "<group>";
		};
		D90E2E752A2BE0E10000C7E1 /* Resourses */ = {
			isa = PBXGroup;
			children = (
				D90E2E762A2BE0FD0000C7E1 /* Resourses.swift */,
			);
			path = Resourses;
			sourceTree = "<group>";
		};
		D90E2E7A2A2CA3FF0000C7E1 /* protocols */ = {
			isa = PBXGroup;
			children = (
				D90E2E7B2A2CA4160000C7E1 /* TrackerViewPresenterProtocol.swift */,
			);
			path = protocols;
			sourceTree = "<group>";
		};
		D94829232B162297004AB8D6 /* TrackerTests */ = {
			isa = PBXGroup;
			children = (
				D94829242B162297004AB8D6 /* TrackerTests.swift */,
			);
			path = TrackerTests;
			sourceTree = "<group>";
		};
		D96239832A35143500F61DAE /* SelectType */ = {
			isa = PBXGroup;
			children = (
				D96239842A35145600F61DAE /* SelectTypeTrackerViewController.swift */,
			);
			path = SelectType;
			sourceTree = "<group>";
		};
		D96239862A351D3600F61DAE /* CreateNewTracker */ = {
			isa = PBXGroup;
			children = (
				D96239872A351D5F00F61DAE /* CreateNewTrackerViewController.swift */,
				D96239892A36261000F61DAE /* CreateNewTrackerTableVIewCell.swift */,
				D962398B2A36261700F61DAE /* CreateNewTrackerCollectionViewCell.swift */,
				D96239932A363D6200F61DAE /* CreateNewTrackerSupplementaryView.swift */,
			);
			path = CreateNewTracker;
			sourceTree = "<group>";
		};
		D962398D2A362CA000F61DAE /* Category */ = {
			isa = PBXGroup;
			children = (
				D9C9DC242AFAC637004FF08D /* NewCategory */,
				D962398E2A362CAA00F61DAE /* CategoryViewController.swift */,
				D96239952A37984900F61DAE /* CategoryTableViewCell.swift */,
				D9C9DC202AF429B8004FF08D /* Observable.swift */,
				D9C9DC222AF58DDE004FF08D /* CategoryViewModel.swift */,
			);
			path = Category;
			sourceTree = "<group>";
		};
		D96239902A362CD700F61DAE /* Schedule */ = {
			isa = PBXGroup;
			children = (
				D96239912A362CE100F61DAE /* ScheduleViewController.swift */,
				D9021F1D2A39E1220080BB4D /* ScheduleTableViewCell.swift */,
			);
			path = Schedule;
			sourceTree = "<group>";
		};
		D991ADC92A1673EE00F1F0F3 = {
			isa = PBXGroup;
			children = (
				D942C9192A1D5D0C00138959 /* .gitignore */,
				D991ADD42A1673EE00F1F0F3 /* Tracker */,
				D94829232B162297004AB8D6 /* TrackerTests */,
				D991ADD32A1673EE00F1F0F3 /* Products */,
				2B30CC59324D75839C40BF37 /* Pods */,
				1A99476B511F3609A0C3D148 /* Frameworks */,
			);
			sourceTree = "<group>";
		};
		D991ADD32A1673EE00F1F0F3 /* Products */ = {
			isa = PBXGroup;
			children = (
				D991ADD22A1673EE00F1F0F3 /* Tracker.app */,
				D94829222B162296004AB8D6 /* TrackerTests.xctest */,
			);
			name = Products;
			sourceTree = "<group>";
		};
		D991ADD42A1673EE00F1F0F3 /* Tracker */ = {
			isa = PBXGroup;
			children = (
				D9EC277A2ABCB6E4000B0E3B /* Domain */,
				D9EC27762AAF86D9000B0E3B /* CoreData */,
				D991ADE32A1673F000F1F0F3 /* Info.plist */,
				D991ADDE2A1673F000F1F0F3 /* Assets.xcassets */,
				D991ADE02A1673F000F1F0F3 /* LaunchScreen.storyboard */,
				D90E2E682A2B41000000C7E1 /* Application */,
				D90E2E5F2A2A4A330000C7E1 /* Controllers */,
				D90E2E632A2A77600000C7E1 /* Helpers */,
				D90E2E6C2A2BD03D0000C7E1 /* Models */,
				D90E2E7A2A2CA3FF0000C7E1 /* protocols */,
				D90E2E752A2BE0E10000C7E1 /* Resourses */,
				D9021F132A389ED70080BB4D /* Service */,
			);
			path = Tracker;
			sourceTree = "<group>";
		};
		D9B4CCE72A3F8B9000D3D41E /* TabBar */ = {
			isa = PBXGroup;
			children = (
				D90E2E5D2A2A497B0000C7E1 /* TabBarViewController.swift */,
			);
			path = TabBar;
			sourceTree = "<group>";
		};
		D9C9DBF92AE1A408004FF08D /* OnBoardingVIew */ = {
			isa = PBXGroup;
			children = (
				D9C9DBFC2AE1A603004FF08D /* OnboardingViewController.swift */,
				D9C9DBFE2AE1A62B004FF08D /* OnboardinMainViewController.swift */,
			);
			path = OnBoardingVIew;
			sourceTree = "<group>";
		};
		D9C9DC242AFAC637004FF08D /* NewCategory */ = {
			isa = PBXGroup;
			children = (
				D96239972A3798E900F61DAE /* NewCategoryViewController.swift */,
				D9C9DC252AFBFF15004FF08D /* NewCategoryViewModel.swift */,
			);
			path = NewCategory;
			sourceTree = "<group>";
		};
		D9EC27762AAF86D9000B0E3B /* CoreData */ = {
			isa = PBXGroup;
			children = (
				D9EC27772AB23498000B0E3B /* model.xcdatamodeld */,
			);
			path = CoreData;
			sourceTree = "<group>";
		};
		D9EC277A2ABCB6E4000B0E3B /* Domain */ = {
			isa = PBXGroup;
			children = (
				D9EC277B2ABCB743000B0E3B /* DataProvider.swift */,
				D9EC277D2ABCB774000B0E3B /* TrackerStore.swift */,
				D9EC27812ABCB7C1000B0E3B /* TrackerCategoryStore.swift */,
				D9EC277F2ABCB79A000B0E3B /* TrackerRecordStore.swift */,
				D9EC27832AC48448000B0E3B /* UIColorMarshalling.swift */,
			);
			path = Domain;
			sourceTree = "<group>";
		};
/* End PBXGroup section */

/* Begin PBXNativeTarget section */
		D94829212B162296004AB8D6 /* TrackerTests */ = {
			isa = PBXNativeTarget;
			buildConfigurationList = D948292A2B162297004AB8D6 /* Build configuration list for PBXNativeTarget "TrackerTests" */;
			buildPhases = (
				60E28D5B2A1AECD7A60D7609 /* [CP] Check Pods Manifest.lock */,
				D948291E2B162296004AB8D6 /* Sources */,
				D948291F2B162296004AB8D6 /* Frameworks */,
				D94829202B162296004AB8D6 /* Resources */,
			);
			buildRules = (
			);
			dependencies = (
				D94829272B162297004AB8D6 /* PBXTargetDependency */,
			);
			name = TrackerTests;
			packageProductDependencies = (
				D948292C2B162306004AB8D6 /* InlineSnapshotTesting */,
				D948292E2B162306004AB8D6 /* SnapshotTesting */,
			);
			productName = TrackerTests;
			productReference = D94829222B162296004AB8D6 /* TrackerTests.xctest */;
			productType = "com.apple.product-type.bundle.unit-test";
		};
		D991ADD12A1673EE00F1F0F3 /* Tracker */ = {
			isa = PBXNativeTarget;
			buildConfigurationList = D991ADE62A1673F000F1F0F3 /* Build configuration list for PBXNativeTarget "Tracker" */;
			buildPhases = (
				48416835575C78EAC9BB67C1 /* [CP] Check Pods Manifest.lock */,
				D991ADCE2A1673EE00F1F0F3 /* Sources */,
				D991ADCF2A1673EE00F1F0F3 /* Frameworks */,
				D991ADD02A1673EE00F1F0F3 /* Resources */,
				8222393807B54DAC72C11231 /* [CP] Embed Pods Frameworks */,
			);
			buildRules = (
			);
			dependencies = (
			);
			name = Tracker;
			productName = Tracker;
			productReference = D991ADD22A1673EE00F1F0F3 /* Tracker.app */;
			productType = "com.apple.product-type.application";
		};
/* End PBXNativeTarget section */

/* Begin PBXProject section */
		D991ADCA2A1673EE00F1F0F3 /* Project object */ = {
			isa = PBXProject;
			attributes = {
				BuildIndependentTargetsInParallel = 1;
				LastSwiftUpdateCheck = 1500;
				LastUpgradeCheck = 1420;
				TargetAttributes = {
					D94829212B162296004AB8D6 = {
						CreatedOnToolsVersion = 15.0.1;
						TestTargetID = D991ADD12A1673EE00F1F0F3;
					};
					D991ADD12A1673EE00F1F0F3 = {
						CreatedOnToolsVersion = 14.2;
					};
				};
			};
			buildConfigurationList = D991ADCD2A1673EE00F1F0F3 /* Build configuration list for PBXProject "Tracker" */;
			compatibilityVersion = "Xcode 14.0";
			developmentRegion = en;
			hasScannedForEncodings = 0;
			knownRegions = (
				en,
				Base,
				ru,
			);
			mainGroup = D991ADC92A1673EE00F1F0F3;
			packageReferences = (
				D948292B2B162306004AB8D6 /* XCRemoteSwiftPackageReference "swift-snapshot-testing" */,
			);
			productRefGroup = D991ADD32A1673EE00F1F0F3 /* Products */;
			projectDirPath = "";
			projectRoot = "";
			targets = (
				D991ADD12A1673EE00F1F0F3 /* Tracker */,
				D94829212B162296004AB8D6 /* TrackerTests */,
			);
		};
/* End PBXProject section */

/* Begin PBXResourcesBuildPhase section */
		D94829202B162296004AB8D6 /* Resources */ = {
			isa = PBXResourcesBuildPhase;
			buildActionMask = 2147483647;
			files = (
			);
			runOnlyForDeploymentPostprocessing = 0;
		};
		D991ADD02A1673EE00F1F0F3 /* Resources */ = {
			isa = PBXResourcesBuildPhase;
			buildActionMask = 2147483647;
			files = (
				D991ADE22A1673F000F1F0F3 /* LaunchScreen.storyboard in Resources */,
				D9179DCD2B18CE11000B177F /* Localizable.stringsdict in Resources */,
				D9179DC92B18CE08000B177F /* Localizable.strings in Resources */,
				D991ADDF2A1673F000F1F0F3 /* Assets.xcassets in Resources */,
			);
			runOnlyForDeploymentPostprocessing = 0;
		};
/* End PBXResourcesBuildPhase section */

/* Begin PBXShellScriptBuildPhase section */
		48416835575C78EAC9BB67C1 /* [CP] Check Pods Manifest.lock */ = {
			isa = PBXShellScriptBuildPhase;
			buildActionMask = 2147483647;
			files = (
			);
			inputFileListPaths = (
			);
			inputPaths = (
				"${PODS_PODFILE_DIR_PATH}/Podfile.lock",
				"${PODS_ROOT}/Manifest.lock",
			);
			name = "[CP] Check Pods Manifest.lock";
			outputFileListPaths = (
			);
			outputPaths = (
				"$(DERIVED_FILE_DIR)/Pods-Tracker-checkManifestLockResult.txt",
			);
			runOnlyForDeploymentPostprocessing = 0;
			shellPath = /bin/sh;
			shellScript = "diff \"${PODS_PODFILE_DIR_PATH}/Podfile.lock\" \"${PODS_ROOT}/Manifest.lock\" > /dev/null\nif [ $? != 0 ] ; then\n    # print error to STDERR\n    echo \"error: The sandbox is not in sync with the Podfile.lock. Run 'pod install' or update your CocoaPods installation.\" >&2\n    exit 1\nfi\n# This output is used by Xcode 'outputs' to avoid re-running this script phase.\necho \"SUCCESS\" > \"${SCRIPT_OUTPUT_FILE_0}\"\n";
			showEnvVarsInLog = 0;
		};
		60E28D5B2A1AECD7A60D7609 /* [CP] Check Pods Manifest.lock */ = {
			isa = PBXShellScriptBuildPhase;
			buildActionMask = 2147483647;
			files = (
			);
			inputFileListPaths = (
			);
			inputPaths = (
				"${PODS_PODFILE_DIR_PATH}/Podfile.lock",
				"${PODS_ROOT}/Manifest.lock",
			);
			name = "[CP] Check Pods Manifest.lock";
			outputFileListPaths = (
			);
			outputPaths = (
				"$(DERIVED_FILE_DIR)/Pods-TrackerTests-checkManifestLockResult.txt",
			);
			runOnlyForDeploymentPostprocessing = 0;
			shellPath = /bin/sh;
			shellScript = "diff \"${PODS_PODFILE_DIR_PATH}/Podfile.lock\" \"${PODS_ROOT}/Manifest.lock\" > /dev/null\nif [ $? != 0 ] ; then\n    # print error to STDERR\n    echo \"error: The sandbox is not in sync with the Podfile.lock. Run 'pod install' or update your CocoaPods installation.\" >&2\n    exit 1\nfi\n# This output is used by Xcode 'outputs' to avoid re-running this script phase.\necho \"SUCCESS\" > \"${SCRIPT_OUTPUT_FILE_0}\"\n";
			showEnvVarsInLog = 0;
		};
		8222393807B54DAC72C11231 /* [CP] Embed Pods Frameworks */ = {
			isa = PBXShellScriptBuildPhase;
			buildActionMask = 2147483647;
			files = (
			);
			inputFileListPaths = (
				"${PODS_ROOT}/Target Support Files/Pods-Tracker/Pods-Tracker-frameworks-${CONFIGURATION}-input-files.xcfilelist",
			);
			name = "[CP] Embed Pods Frameworks";
			outputFileListPaths = (
				"${PODS_ROOT}/Target Support Files/Pods-Tracker/Pods-Tracker-frameworks-${CONFIGURATION}-output-files.xcfilelist",
			);
			runOnlyForDeploymentPostprocessing = 0;
			shellPath = /bin/sh;
			shellScript = "\"${PODS_ROOT}/Target Support Files/Pods-Tracker/Pods-Tracker-frameworks.sh\"\n";
			showEnvVarsInLog = 0;
		};
/* End PBXShellScriptBuildPhase section */

/* Begin PBXSourcesBuildPhase section */
		D948291E2B162296004AB8D6 /* Sources */ = {
			isa = PBXSourcesBuildPhase;
			buildActionMask = 2147483647;
			files = (
				D94829252B162297004AB8D6 /* TrackerTests.swift in Sources */,
			);
			runOnlyForDeploymentPostprocessing = 0;
		};
		D991ADCE2A1673EE00F1F0F3 /* Sources */ = {
			isa = PBXSourcesBuildPhase;
			buildActionMask = 2147483647;
			files = (
				D90E2E702A2BD0630000C7E1 /* TrackerCategory.swift in Sources */,
				D96239852A35145600F61DAE /* SelectTypeTrackerViewController.swift in Sources */,
				D90E2E802A2F2D520000C7E1 /* Int + ext.swift in Sources */,
				D9C9DC262AFBFF15004FF08D /* NewCategoryViewModel.swift in Sources */,
				D96239882A351D5F00F61DAE /* CreateNewTrackerViewController.swift in Sources */,
				D9EC27802ABCB79A000B0E3B /* TrackerRecordStore.swift in Sources */,
				D9EC27822ABCB7C1000B0E3B /* TrackerCategoryStore.swift in Sources */,
				D96239962A37984900F61DAE /* CategoryTableViewCell.swift in Sources */,
				D9021F1C2A39E0670080BB4D /* ScheduleService.swift in Sources */,
				D90E2E622A2A4A500000C7E1 /* TrackerViewController.swift in Sources */,
				D90E2E6B2A2B44570000C7E1 /* StatisticViewController.swift in Sources */,
				D9021F1E2A39E1220080BB4D /* ScheduleTableViewCell.swift in Sources */,
				D9C9DC232AF58DDE004FF08D /* CategoryViewModel.swift in Sources */,
				D96239922A362CE100F61DAE /* ScheduleViewController.swift in Sources */,
				D9C9DC212AF429B8004FF08D /* Observable.swift in Sources */,
				D96239942A363D6200F61DAE /* CreateNewTrackerSupplementaryView.swift in Sources */,
				D9C9DBFF2AE1A62B004FF08D /* OnboardinMainViewController.swift in Sources */,
				D90E2E5E2A2A497B0000C7E1 /* TabBarViewController.swift in Sources */,
				D9021F1A2A390A990080BB4D /* FilterTableViewCell.swift in Sources */,
				D90E2E822A31CE5E0000C7E1 /* SupplementaryView.swift in Sources */,
				D90E2E742A2BD85C0000C7E1 /* TrackerCollectionViewCell.swift in Sources */,
				D9021F182A390A840080BB4D /* FilterViewController.swift in Sources */,
				D9EC277E2ABCB774000B0E3B /* TrackerStore.swift in Sources */,
				D90E2E7E2A2CE3760000C7E1 /* BottonClass.swift in Sources */,
				D93908D82B1B96C800A0BE4B /* StatisticViewControllerCell.swift in Sources */,
				D9EC277C2ABCB743000B0E3B /* DataProvider.swift in Sources */,
				D94829352B167FC5004AB8D6 /* EditTrackerViewController.swift in Sources */,
				D94829312B1631D3004AB8D6 /* AnalyticsService.swift in Sources */,
				D96239982A3798E900F61DAE /* NewCategoryViewController.swift in Sources */,
				D90E2E722A2BD06D0000C7E1 /* TrackerRecord.swift in Sources */,
				D90E2E6E2A2BD04C0000C7E1 /* Tracker.swift in Sources */,
				D90E2E652A2A779A0000C7E1 /* UIColor+Extension.swift in Sources */,
				D93908DC2B1B986900A0BE4B /* StatisticViewModel.swift in Sources */,
				D9EC27792AB23498000B0E3B /* model.xcdatamodeld in Sources */,
				D90E2E772A2BE0FD0000C7E1 /* Resourses.swift in Sources */,
				D9EC27842AC48448000B0E3B /* UIColorMarshalling.swift in Sources */,
				D991ADD62A1673EE00F1F0F3 /* AppDelegate.swift in Sources */,
				D93908DE2B1B9A5B00A0BE4B /* ReuseId.swift in Sources */,
				D90E2E7C2A2CA4160000C7E1 /* TrackerViewPresenterProtocol.swift in Sources */,
				D9C9DBFD2AE1A603004FF08D /* OnboardingViewController.swift in Sources */,
				D991ADD82A1673EE00F1F0F3 /* SceneDelegate.swift in Sources */,
				D962398A2A36261000F61DAE /* CreateNewTrackerTableVIewCell.swift in Sources */,
				D93908DA2B1B977400A0BE4B /* UIImage + ext.swift in Sources */,
				D962398F2A362CAA00F61DAE /* CategoryViewController.swift in Sources */,
				D962398C2A36261700F61DAE /* CreateNewTrackerCollectionViewCell.swift in Sources */,
			);
			runOnlyForDeploymentPostprocessing = 0;
		};
/* End PBXSourcesBuildPhase section */

/* Begin PBXTargetDependency section */
		D94829272B162297004AB8D6 /* PBXTargetDependency */ = {
			isa = PBXTargetDependency;
			target = D991ADD12A1673EE00F1F0F3 /* Tracker */;
			targetProxy = D94829262B162297004AB8D6 /* PBXContainerItemProxy */;
		};
/* End PBXTargetDependency section */

/* Begin PBXVariantGroup section */
		D9179DCB2B18CE08000B177F /* Localizable.strings */ = {
			isa = PBXVariantGroup;
			children = (
				D9179DCA2B18CE08000B177F /* en */,
				D9179DCC2B18CE0B000B177F /* ru */,
			);
			name = Localizable.strings;
			sourceTree = "<group>";
		};
		D9179DCF2B18CE11000B177F /* Localizable.stringsdict */ = {
			isa = PBXVariantGroup;
			children = (
				D9179DCE2B18CE11000B177F /* en */,
				D9179DD02B18CE12000B177F /* ru */,
			);
			name = Localizable.stringsdict;
			sourceTree = "<group>";
		};
		D991ADE02A1673F000F1F0F3 /* LaunchScreen.storyboard */ = {
			isa = PBXVariantGroup;
			children = (
				D991ADE12A1673F000F1F0F3 /* Base */,
			);
			name = LaunchScreen.storyboard;
			sourceTree = "<group>";
		};
/* End PBXVariantGroup section */

/* Begin XCBuildConfiguration section */
		D94829282B162297004AB8D6 /* Debug */ = {
			isa = XCBuildConfiguration;
			baseConfigurationReference = 999FE0340530D82CA087E96E /* Pods-TrackerTests.debug.xcconfig */;
			buildSettings = {
				ASSETCATALOG_COMPILER_GENERATE_SWIFT_ASSET_SYMBOL_EXTENSIONS = YES;
				BUNDLE_LOADER = "$(TEST_HOST)";
				CODE_SIGN_STYLE = Automatic;
				CURRENT_PROJECT_VERSION = 1;
				DEVELOPMENT_TEAM = 4NL84SD4L4;
				ENABLE_USER_SCRIPT_SANDBOXING = YES;
				GCC_C_LANGUAGE_STANDARD = gnu17;
				GENERATE_INFOPLIST_FILE = YES;
				IPHONEOS_DEPLOYMENT_TARGET = 17.0;
				LOCALIZATION_PREFERS_STRING_CATALOGS = YES;
				MARKETING_VERSION = 1.0;
				PRODUCT_BUNDLE_IDENTIFIER = manapov.m0996.TrackerTests;
				PRODUCT_NAME = "$(TARGET_NAME)";
				SWIFT_ACTIVE_COMPILATION_CONDITIONS = "DEBUG $(inherited)";
				SWIFT_EMIT_LOC_STRINGS = NO;
				SWIFT_VERSION = 5.0;
				TARGETED_DEVICE_FAMILY = "1,2";
				TEST_HOST = "$(BUILT_PRODUCTS_DIR)/Tracker.app/$(BUNDLE_EXECUTABLE_FOLDER_PATH)/Tracker";
			};
			name = Debug;
		};
		D94829292B162297004AB8D6 /* Release */ = {
			isa = XCBuildConfiguration;
			baseConfigurationReference = DC3CDB36899825E1D51774D5 /* Pods-TrackerTests.release.xcconfig */;
			buildSettings = {
				ASSETCATALOG_COMPILER_GENERATE_SWIFT_ASSET_SYMBOL_EXTENSIONS = YES;
				BUNDLE_LOADER = "$(TEST_HOST)";
				CODE_SIGN_STYLE = Automatic;
				CURRENT_PROJECT_VERSION = 1;
				DEVELOPMENT_TEAM = 4NL84SD4L4;
				ENABLE_USER_SCRIPT_SANDBOXING = YES;
				GCC_C_LANGUAGE_STANDARD = gnu17;
				GENERATE_INFOPLIST_FILE = YES;
				IPHONEOS_DEPLOYMENT_TARGET = 17.0;
				LOCALIZATION_PREFERS_STRING_CATALOGS = YES;
				MARKETING_VERSION = 1.0;
				PRODUCT_BUNDLE_IDENTIFIER = manapov.m0996.TrackerTests;
				PRODUCT_NAME = "$(TARGET_NAME)";
				SWIFT_EMIT_LOC_STRINGS = NO;
				SWIFT_VERSION = 5.0;
				TARGETED_DEVICE_FAMILY = "1,2";
				TEST_HOST = "$(BUILT_PRODUCTS_DIR)/Tracker.app/$(BUNDLE_EXECUTABLE_FOLDER_PATH)/Tracker";
			};
			name = Release;
		};
		D991ADE42A1673F000F1F0F3 /* Debug */ = {
			isa = XCBuildConfiguration;
			buildSettings = {
				ALWAYS_SEARCH_USER_PATHS = NO;
				CLANG_ANALYZER_NONNULL = YES;
				CLANG_ANALYZER_NUMBER_OBJECT_CONVERSION = YES_AGGRESSIVE;
				CLANG_CXX_LANGUAGE_STANDARD = "gnu++20";
				CLANG_ENABLE_MODULES = YES;
				CLANG_ENABLE_OBJC_ARC = YES;
				CLANG_ENABLE_OBJC_WEAK = YES;
				CLANG_WARN_BLOCK_CAPTURE_AUTORELEASING = YES;
				CLANG_WARN_BOOL_CONVERSION = YES;
				CLANG_WARN_COMMA = YES;
				CLANG_WARN_CONSTANT_CONVERSION = YES;
				CLANG_WARN_DEPRECATED_OBJC_IMPLEMENTATIONS = YES;
				CLANG_WARN_DIRECT_OBJC_ISA_USAGE = YES_ERROR;
				CLANG_WARN_DOCUMENTATION_COMMENTS = YES;
				CLANG_WARN_EMPTY_BODY = YES;
				CLANG_WARN_ENUM_CONVERSION = YES;
				CLANG_WARN_INFINITE_RECURSION = YES;
				CLANG_WARN_INT_CONVERSION = YES;
				CLANG_WARN_NON_LITERAL_NULL_CONVERSION = YES;
				CLANG_WARN_OBJC_IMPLICIT_RETAIN_SELF = YES;
				CLANG_WARN_OBJC_LITERAL_CONVERSION = YES;
				CLANG_WARN_OBJC_ROOT_CLASS = YES_ERROR;
				CLANG_WARN_QUOTED_INCLUDE_IN_FRAMEWORK_HEADER = YES;
				CLANG_WARN_RANGE_LOOP_ANALYSIS = YES;
				CLANG_WARN_STRICT_PROTOTYPES = YES;
				CLANG_WARN_SUSPICIOUS_MOVE = YES;
				CLANG_WARN_UNGUARDED_AVAILABILITY = YES_AGGRESSIVE;
				CLANG_WARN_UNREACHABLE_CODE = YES;
				CLANG_WARN__DUPLICATE_METHOD_MATCH = YES;
				COPY_PHASE_STRIP = NO;
				DEBUG_INFORMATION_FORMAT = dwarf;
				ENABLE_STRICT_OBJC_MSGSEND = YES;
				ENABLE_TESTABILITY = YES;
				GCC_C_LANGUAGE_STANDARD = gnu11;
				GCC_DYNAMIC_NO_PIC = NO;
				GCC_NO_COMMON_BLOCKS = YES;
				GCC_OPTIMIZATION_LEVEL = 0;
				GCC_PREPROCESSOR_DEFINITIONS = (
					"DEBUG=1",
					"$(inherited)",
				);
				GCC_WARN_64_TO_32_BIT_CONVERSION = YES;
				GCC_WARN_ABOUT_RETURN_TYPE = YES_ERROR;
				GCC_WARN_UNDECLARED_SELECTOR = YES;
				GCC_WARN_UNINITIALIZED_AUTOS = YES_AGGRESSIVE;
				GCC_WARN_UNUSED_FUNCTION = YES;
				GCC_WARN_UNUSED_VARIABLE = YES;
				IPHONEOS_DEPLOYMENT_TARGET = 16.2;
				MTL_ENABLE_DEBUG_INFO = INCLUDE_SOURCE;
				MTL_FAST_MATH = YES;
				ONLY_ACTIVE_ARCH = YES;
				SDKROOT = iphoneos;
				SWIFT_ACTIVE_COMPILATION_CONDITIONS = DEBUG;
				SWIFT_OPTIMIZATION_LEVEL = "-Onone";
			};
			name = Debug;
		};
		D991ADE52A1673F000F1F0F3 /* Release */ = {
			isa = XCBuildConfiguration;
			buildSettings = {
				ALWAYS_SEARCH_USER_PATHS = NO;
				CLANG_ANALYZER_NONNULL = YES;
				CLANG_ANALYZER_NUMBER_OBJECT_CONVERSION = YES_AGGRESSIVE;
				CLANG_CXX_LANGUAGE_STANDARD = "gnu++20";
				CLANG_ENABLE_MODULES = YES;
				CLANG_ENABLE_OBJC_ARC = YES;
				CLANG_ENABLE_OBJC_WEAK = YES;
				CLANG_WARN_BLOCK_CAPTURE_AUTORELEASING = YES;
				CLANG_WARN_BOOL_CONVERSION = YES;
				CLANG_WARN_COMMA = YES;
				CLANG_WARN_CONSTANT_CONVERSION = YES;
				CLANG_WARN_DEPRECATED_OBJC_IMPLEMENTATIONS = YES;
				CLANG_WARN_DIRECT_OBJC_ISA_USAGE = YES_ERROR;
				CLANG_WARN_DOCUMENTATION_COMMENTS = YES;
				CLANG_WARN_EMPTY_BODY = YES;
				CLANG_WARN_ENUM_CONVERSION = YES;
				CLANG_WARN_INFINITE_RECURSION = YES;
				CLANG_WARN_INT_CONVERSION = YES;
				CLANG_WARN_NON_LITERAL_NULL_CONVERSION = YES;
				CLANG_WARN_OBJC_IMPLICIT_RETAIN_SELF = YES;
				CLANG_WARN_OBJC_LITERAL_CONVERSION = YES;
				CLANG_WARN_OBJC_ROOT_CLASS = YES_ERROR;
				CLANG_WARN_QUOTED_INCLUDE_IN_FRAMEWORK_HEADER = YES;
				CLANG_WARN_RANGE_LOOP_ANALYSIS = YES;
				CLANG_WARN_STRICT_PROTOTYPES = YES;
				CLANG_WARN_SUSPICIOUS_MOVE = YES;
				CLANG_WARN_UNGUARDED_AVAILABILITY = YES_AGGRESSIVE;
				CLANG_WARN_UNREACHABLE_CODE = YES;
				CLANG_WARN__DUPLICATE_METHOD_MATCH = YES;
				COPY_PHASE_STRIP = NO;
				DEBUG_INFORMATION_FORMAT = "dwarf-with-dsym";
				ENABLE_NS_ASSERTIONS = NO;
				ENABLE_STRICT_OBJC_MSGSEND = YES;
				GCC_C_LANGUAGE_STANDARD = gnu11;
				GCC_NO_COMMON_BLOCKS = YES;
				GCC_WARN_64_TO_32_BIT_CONVERSION = YES;
				GCC_WARN_ABOUT_RETURN_TYPE = YES_ERROR;
				GCC_WARN_UNDECLARED_SELECTOR = YES;
				GCC_WARN_UNINITIALIZED_AUTOS = YES_AGGRESSIVE;
				GCC_WARN_UNUSED_FUNCTION = YES;
				GCC_WARN_UNUSED_VARIABLE = YES;
				IPHONEOS_DEPLOYMENT_TARGET = 16.2;
				MTL_ENABLE_DEBUG_INFO = NO;
				MTL_FAST_MATH = YES;
				SDKROOT = iphoneos;
				SWIFT_COMPILATION_MODE = wholemodule;
				SWIFT_OPTIMIZATION_LEVEL = "-O";
				VALIDATE_PRODUCT = YES;
			};
			name = Release;
		};
		D991ADE72A1673F000F1F0F3 /* Debug */ = {
			isa = XCBuildConfiguration;
			baseConfigurationReference = 3B7AC17CEFFD7012BEA94666 /* Pods-Tracker.debug.xcconfig */;
			buildSettings = {
				ASSETCATALOG_COMPILER_APPICON_NAME = AppIcon;
				ASSETCATALOG_COMPILER_GLOBAL_ACCENT_COLOR_NAME = AccentColor;
				CODE_SIGN_STYLE = Automatic;
				CURRENT_PROJECT_VERSION = 1;
				DEVELOPMENT_TEAM = 4NL84SD4L4;
				GENERATE_INFOPLIST_FILE = YES;
				INFOPLIST_FILE = Tracker/Info.plist;
				INFOPLIST_KEY_UIApplicationSupportsIndirectInputEvents = YES;
				INFOPLIST_KEY_UILaunchStoryboardName = LaunchScreen;
				INFOPLIST_KEY_UIStatusBarStyle = "";
				INFOPLIST_KEY_UISupportedInterfaceOrientations = UIInterfaceOrientationPortrait;
				IPHONEOS_DEPLOYMENT_TARGET = 13.4;
				LD_RUNPATH_SEARCH_PATHS = (
					"$(inherited)",
					"@executable_path/Frameworks",
				);
				MARKETING_VERSION = 1.0;
				PRODUCT_BUNDLE_IDENTIFIER = manapov.m0996.Tracker;
				PRODUCT_NAME = "$(TARGET_NAME)";
				SUPPORTED_PLATFORMS = "iphoneos iphonesimulator";
				SUPPORTS_MACCATALYST = NO;
				SUPPORTS_MAC_DESIGNED_FOR_IPHONE_IPAD = NO;
				SWIFT_EMIT_LOC_STRINGS = YES;
				SWIFT_VERSION = 5.0;
				TARGETED_DEVICE_FAMILY = 1;
			};
			name = Debug;
		};
		D991ADE82A1673F000F1F0F3 /* Release */ = {
			isa = XCBuildConfiguration;
			baseConfigurationReference = C8F9E9FEA6AE696D7230508C /* Pods-Tracker.release.xcconfig */;
			buildSettings = {
				ASSETCATALOG_COMPILER_APPICON_NAME = AppIcon;
				ASSETCATALOG_COMPILER_GLOBAL_ACCENT_COLOR_NAME = AccentColor;
				CODE_SIGN_STYLE = Automatic;
				CURRENT_PROJECT_VERSION = 1;
				DEVELOPMENT_TEAM = 4NL84SD4L4;
				GENERATE_INFOPLIST_FILE = YES;
				INFOPLIST_FILE = Tracker/Info.plist;
				INFOPLIST_KEY_UIApplicationSupportsIndirectInputEvents = YES;
				INFOPLIST_KEY_UILaunchStoryboardName = LaunchScreen;
				INFOPLIST_KEY_UIStatusBarStyle = "";
				INFOPLIST_KEY_UISupportedInterfaceOrientations = UIInterfaceOrientationPortrait;
				IPHONEOS_DEPLOYMENT_TARGET = 13.4;
				LD_RUNPATH_SEARCH_PATHS = (
					"$(inherited)",
					"@executable_path/Frameworks",
				);
				MARKETING_VERSION = 1.0;
				PRODUCT_BUNDLE_IDENTIFIER = manapov.m0996.Tracker;
				PRODUCT_NAME = "$(TARGET_NAME)";
				SUPPORTED_PLATFORMS = "iphoneos iphonesimulator";
				SUPPORTS_MACCATALYST = NO;
				SUPPORTS_MAC_DESIGNED_FOR_IPHONE_IPAD = NO;
				SWIFT_EMIT_LOC_STRINGS = YES;
				SWIFT_VERSION = 5.0;
				TARGETED_DEVICE_FAMILY = 1;
			};
			name = Release;
		};
/* End XCBuildConfiguration section */

/* Begin XCConfigurationList section */
		D948292A2B162297004AB8D6 /* Build configuration list for PBXNativeTarget "TrackerTests" */ = {
			isa = XCConfigurationList;
			buildConfigurations = (
				D94829282B162297004AB8D6 /* Debug */,
				D94829292B162297004AB8D6 /* Release */,
			);
			defaultConfigurationIsVisible = 0;
			defaultConfigurationName = Release;
		};
		D991ADCD2A1673EE00F1F0F3 /* Build configuration list for PBXProject "Tracker" */ = {
			isa = XCConfigurationList;
			buildConfigurations = (
				D991ADE42A1673F000F1F0F3 /* Debug */,
				D991ADE52A1673F000F1F0F3 /* Release */,
			);
			defaultConfigurationIsVisible = 0;
			defaultConfigurationName = Release;
		};
		D991ADE62A1673F000F1F0F3 /* Build configuration list for PBXNativeTarget "Tracker" */ = {
			isa = XCConfigurationList;
			buildConfigurations = (
				D991ADE72A1673F000F1F0F3 /* Debug */,
				D991ADE82A1673F000F1F0F3 /* Release */,
			);
			defaultConfigurationIsVisible = 0;
			defaultConfigurationName = Release;
		};
/* End XCConfigurationList section */

/* Begin XCRemoteSwiftPackageReference section */
		D948292B2B162306004AB8D6 /* XCRemoteSwiftPackageReference "swift-snapshot-testing" */ = {
			isa = XCRemoteSwiftPackageReference;
			repositoryURL = "https://github.com/pointfreeco/swift-snapshot-testing";
			requirement = {
				kind = upToNextMajorVersion;
				minimumVersion = 1.15.1;
			};
		};
/* End XCRemoteSwiftPackageReference section */

/* Begin XCSwiftPackageProductDependency section */
		D948292C2B162306004AB8D6 /* InlineSnapshotTesting */ = {
			isa = XCSwiftPackageProductDependency;
			package = D948292B2B162306004AB8D6 /* XCRemoteSwiftPackageReference "swift-snapshot-testing" */;
			productName = InlineSnapshotTesting;
		};
		D948292E2B162306004AB8D6 /* SnapshotTesting */ = {
			isa = XCSwiftPackageProductDependency;
			package = D948292B2B162306004AB8D6 /* XCRemoteSwiftPackageReference "swift-snapshot-testing" */;
			productName = SnapshotTesting;
		};
/* End XCSwiftPackageProductDependency section */

/* Begin XCVersionGroup section */
		D9EC27772AB23498000B0E3B /* model.xcdatamodeld */ = {
			isa = XCVersionGroup;
			children = (
				D9EC27782AB23498000B0E3B /* model.xcdatamodel */,
			);
			currentVersion = D9EC27782AB23498000B0E3B /* model.xcdatamodel */;
			path = model.xcdatamodeld;
			sourceTree = "<group>";
			versionGroupType = wrapper.xcdatamodel;
		};
/* End XCVersionGroup section */
	};
	rootObject = D991ADCA2A1673EE00F1F0F3 /* Project object */;
}
